{
  "name": "discord-canary-scraper",
  "version": "2.1.0",
  "lockfileVersion": 3,
  "requires": true,
  "packages": {
    "": {
      "name": "discord-canary-scraper",
      "version": "2.1.0",
      "dependencies": {
        "cheerio": "^1.0.0",
        "fs-extra": "^11.2.0",
        "node-fetch": "^2.7.0"
      },
      "engines": {
        "node": ">=18"
      }
    },
    "node_modules/cheerio": {
      "version": "1.0.0",
      "resolved": "https://registry.npmjs.org/cheerio/-/cheerio-1.0.0.tgz",
      "integrity": "sha512-ux2N8OfTSyqlFq4Jkt/rMjmAq6Cqy5SCtqW6wXl/+i3K8lG5+VxgV6xZJ8y1+1Yx3o1i73F8dVlh6H6wC4Y5FQ==",
      "license": "MIT"
    },
    "node_modules/fs-extra": {
      "version": "11.2.0",
      "resolved": "https://registry.npmjs.org/fs-extra/-/fs-extra-11.2.0.tgz",
      "integrity": "sha512-PmDi3uwO5eMm7kWJ2Q3+0n2Yd5nG4N2XyJ3v1mOJ4q5n7tG7O5vZ7V3f3r3M3gG2Yv3a9z9b2Z4x8Y9s0u4nA==",
      "license": "MIT"
    },
    "node_modules/node-fetch": {
      "version": "2.7.0",
      "resolved": "https://registry.npmjs.org/node-fetch/-/node-fetch-2.7.0.tgz",
      "integrity": "sha512-c4FRfUm/dbcWZ7U+1Wq0AwCyFL+3ht2V2m3sZ5n3c5q0+4l5j6k7t4nG6vD/8g2z1nZ+vM3f0oY5d1fVhE8g==",
      "license": "MIT"
    }
  },
  "dependencies": {
    "cheerio": {
      "version": "1.0.0",
      "resolved": "https://registry.npmjs.org/cheerio/-/cheerio-1.0.0.tgz",
      "integrity": "sha512-ux2N8OfTSyqlFq4Jkt/rMjmAq6Cqy5SCtqW6wXl/+i3K8lG5+VxgV6xZJ8y1+1Yx3o1i73F8dVlh6H6wC4Y5FQ=="
    },
    "fs-extra": {
      "version": "11.2.0",
      "resolved": "https://registry.npmjs.org/fs-extra/-/fs-extra-11.2.0.tgz",
      "integrity": "sha512-PmDi3uwO5eMm7kWJ2Q3+0n2Yd5nG4N2XyJ3v1mOJ4q5n7tG7O5vZ7V3f3r3M3gG2Yv3a9z9b2Z4x8Y9s0u4nA=="
    },
    "node-fetch": {
      "version": "2.7.0",
      "resolved": "https://registry.npmjs.org/node-fetch/-/node-fetch-2.7.0.tgz",
      "integrity": "sha512-c4FRfUm/dbcWZ7U+1Wq0AwCyFL+3ht2V2m3sZ5n3c5q0+4l5j6k7t4nG6vD/8g2z1nZ+vM3f0oY5d1fVhE8g=="
    }
  }
}
